
Microsoft Visual Studio Solution File, Format Version 12.00
# Visual Studio Version 17
VisualStudioVersion = 17.11.35222.181
MinimumVisualStudioVersion = 10.0.40219.1
Project("{FAE04EC0-301F-11D3-BF4B-00C04F79EFBC}") = "PaulaPachecoHairStyle", "PaulaPachecoHairStyle.csproj", "{661FE4AA-877E-45C3-8064-94FCF957A3A6}"
EndProject
Global
	GlobalSection(SolutionConfigurationPlatforms) = preSolution
		Debug|Any CPU = Debug|Any CPU
		Release|Any CPU = Release|Any CPU
	EndGlobalSection
	GlobalSection(ProjectConfigurationPlatforms) = postSolution
		{661FE4AA-877E-45C3-8064-94FCF957A3A6}.Debug|Any CPU.ActiveCfg = Debug|Any CPU
		{661FE4AA-877E-45C3-8064-94FCF957A3A6}.Debug|Any CPU.Build.0 = Debug|Any CPU
		{661FE4AA-877E-45C3-8064-94FCF957A3A6}.Release|Any CPU.ActiveCfg = Release|Any CPU
		{661FE4AA-877E-45C3-8064-94FCF957A3A6}.Release|Any CPU.Build.0 = Release|Any CPU
	EndGlobalSection
	GlobalSection(SolutionProperties) = preSolution
		HideSolutionNode = FALSE
	EndGlobalSection
	GlobalSection(ExtensibilityGlobals) = postSolution
		SolutionGuid = {D5E04F73-D7A6-428F-BBAD-EC2EA8E9F63D}
	EndGlobalSection
EndGlobal
